{
  "pins" : [
    {
      "identity" : "sqlite.swift",
      "kind" : "remoteSourceControl",
      "location" : "https://github.com/DennisHDAS/SQLite.swift.git",
      "state" : {
        "revision" : "fd6aec91b9bcb815e764adc7ec96d0243964e319",
        "version" : "0.15.1"
      }
    }
  ],
  "version" : 2
}
