{
  "pins" : [
    {
      "identity" : "sqlite.swift",
      "kind" : "remoteSourceControl",
      "location" : "https://github.com/DennisHDAS/SQLite.swift.git",
      "state" : {
        "revision" : "b84b5c7ca7469506da808b3aafc3e8c1a0859170",
        "version" : "0.15.0"
      }
    }
  ],
  "version" : 2
}
